<?xml version="1.0" encoding="utf-8"?>
<Project ToolsVersion="4.0" xmlns="http://schemas.microsoft.com/developer/msbuild/2003">
  <ItemGroup>
    <ClCompile Include="dungeonField.cpp" />
    <ClCompile Include="dungeonGenerator.cpp" />
    <ClCompile Include="experience.cpp" />
    <ClCompile Include="framework.cpp" />
    <ClCompile Include="graphicEngine.cpp" />
    <ClCompile Include="inventory.cpp" />
    <ClCompile Include="item.cpp" />
    <ClCompile Include="monster.cpp" />
    <ClCompile Include="monsterController.cpp" />
    <ClCompile Include="pathfinder.cpp" />
    <ClCompile Include="player.cpp" />
    <ClCompile Include="main.cpp" />
    <ClCompile Include="randomFunctions.cpp" />
  </ItemGroup>
  <ItemGroup>
    <ClInclude Include="dungeonField.h" />
    <ClInclude Include="dungeonGenerator.h" />
    <ClInclude Include="experience.h" />
    <ClInclude Include="framework.h" />
    <ClInclude Include="graphicEngine.h" />
    <ClInclude Include="inventory.h" />
    <ClInclude Include="item.h" />
    <ClInclude Include="monster.h" />
    <ClInclude Include="monsterController.h" />
    <ClInclude Include="pathfinder.h" />
    <ClInclude Include="player.h" />
    <ClInclude Include="randomFunctions.h" />
  </ItemGroup>
  <ItemGroup>
    <Filter Include="Quellen">
      <UniqueIdentifier>{57610ec5-69c1-4c63-81e3-2ad3e075d3e8}</UniqueIdentifier>
    </Filter>
    <Filter Include="Header">
      <UniqueIdentifier>{82cf3dd3-d891-4ec7-8654-e2ab3e5c7d16}</UniqueIdentifier>
    </Filter>
  </ItemGroup>
</Project>